{
  "nodes": {
    "flake-utils": {
      "locked": {
        "lastModified": 1656928814,
        "narHash": "sha256-RIFfgBuKz6Hp89yRr7+NR5tzIAbn52h8vT6vXkYjZoM=",
        "owner": "numtide",
        "repo": "flake-utils",
        "rev": "7e2a3b3dfd9af950a856d66b0a7d01e3c18aa249",
        "type": "github"
      },
      "original": {
        "owner": "numtide",
        "repo": "flake-utils",
        "type": "github"
      }
    },
    "flake-utils_2": {
      "locked": {
        "lastModified": 1653893745,
        "narHash": "sha256-0jntwV3Z8//YwuOjzhV2sgJJPt+HY6KhU7VZUL0fKZQ=",
        "owner": "numtide",
        "repo": "flake-utils",
        "rev": "1ed9fb1935d260de5fe1c2f7ee0ebaae17ed2fa1",
        "type": "github"
      },
      "original": {
        "owner": "numtide",
        "repo": "flake-utils",
        "type": "github"
      }
    },
    "kapack": {
      "inputs": {
        "flake-utils": "flake-utils_2",
        "nixpkgs": [
          "nixpkgs"
        ],
        "nixpkgs2111": "nixpkgs2111"
      },
      "locked": {
        "lastModified": 1655738228,
        "narHash": "sha256-qkvv6SF8DaX1s+V69IAoCNXZL464HYPWTzEeCNLo6ao=",
        "owner": "oar-team",
        "repo": "nur-kapack",
        "rev": "0d4b1953409f8580bdc0000d999ae4c95d637b37",
        "type": "github"
      },
      "original": {
        "owner": "oar-team",
        "repo": "nur-kapack",
        "type": "github"
      }
    },
    "nixpkgs": {
      "locked": {
        "lastModified": 1685566663,
        "narHash": "sha256-btHN1czJ6rzteeCuE/PNrdssqYD2nIA4w48miQAFloM=",
        "owner": "NixOS",
        "repo": "nixpkgs",
        "rev": "4ecab3273592f27479a583fb6d975d4aba3486fe",
        "type": "github"
      },
      "original": {
        "owner": "NixOS",
        "ref": "23.05",
        "repo": "nixpkgs",
        "type": "github"
      }
    },
    "nixpkgs2111": {
      "locked": {
        "lastModified": 1654807735,
        "narHash": "sha256-IiOjbptu1s07HTuyv2ONLrw/DcIUg3nX9MO1uEiUmP0=",
        "owner": "NixOS",
        "repo": "nixpkgs",
        "rev": "a7f0b0832f9da86d25089ea2b4cacdea64072d7f",
        "type": "github"
      },
      "original": {
        "owner": "NixOS",
        "ref": "nixos-21.11",
        "repo": "nixpkgs",
        "type": "github"
      }
    },
    "root": {
      "inputs": {
        "flake-utils": "flake-utils",
        "kapack": "kapack",
        "nixpkgs": "nixpkgs"
      }
    }
  },
  "root": "root",
  "version": 7
}
